
Microsoft Visual Studio Solution File, Format Version 12.00
# Visual Studio Version 16
VisualStudioVersion = 16.0.31702.278
MinimumVisualStudioVersion = 10.0.40219.1
Project("{FAE04EC0-301F-11D3-BF4B-00C04F79EFBC}") = "EsimerkkiLaskin", "EsimerkkiLaskin\EsimerkkiLaskin.csproj", "{3050306D-0ED7-4741-99C0-EC3762D3C0C0}"
EndProject
Global
	GlobalSection(SolutionConfigurationPlatforms) = preSolution
		Debug|Any CPU = Debug|Any CPU
		Release|Any CPU = Release|Any CPU
	EndGlobalSection
	GlobalSection(ProjectConfigurationPlatforms) = postSolution
		{3050306D-0ED7-4741-99C0-EC3762D3C0C0}.Debug|Any CPU.ActiveCfg = Debug|Any CPU
		{3050306D-0ED7-4741-99C0-EC3762D3C0C0}.Debug|Any CPU.Build.0 = Debug|Any CPU
		{3050306D-0ED7-4741-99C0-EC3762D3C0C0}.Release|Any CPU.ActiveCfg = Release|Any CPU
		{3050306D-0ED7-4741-99C0-EC3762D3C0C0}.Release|Any CPU.Build.0 = Release|Any CPU
	EndGlobalSection
	GlobalSection(SolutionProperties) = preSolution
		HideSolutionNode = FALSE
	EndGlobalSection
	GlobalSection(ExtensibilityGlobals) = postSolution
		SolutionGuid = {3F4D3BFB-3415-4C1C-B67E-EEBF1F8AD0D0}
	EndGlobalSection
EndGlobal
